// !$*UTF8*$!
{
	archiveVersion = 1;
	classes = {
	};
	objectVersion = 56;
	objects = {

/* Begin PBXBuildFile section */
		4709D58E2C776B070066EC0B /* State.swift in Sources */ = {isa = PBXBuildFile; fileRef = 4709D58D2C776B060066EC0B /* State.swift */; };
		4730BEBF2CA18BA1003A2320 /* Localizable.stringsdict in Resources */ = {isa = PBXBuildFile; fileRef = 4730BEBD2CA18BA1003A2320 /* Localizable.stringsdict */; };
		477F229C2CA57BE2005636EF /* PlaceHolderState.swift in Sources */ = {isa = PBXBuildFile; fileRef = 477F229B2CA57BE2005636EF /* PlaceHolderState.swift */; };
		477F229E2CA585E0005636EF /* StaticticsTableCell.swift in Sources */ = {isa = PBXBuildFile; fileRef = 477F229D2CA585E0005636EF /* StaticticsTableCell.swift */; };
		477F22A02CA58AB4005636EF /* StatisticViewController.swift in Sources */ = {isa = PBXBuildFile; fileRef = 477F229F2CA58AB4005636EF /* StatisticViewController.swift */; };
		477F22A32CA5A5A7005636EF /* EditTrackerViewController.swift in Sources */ = {isa = PBXBuildFile; fileRef = 477F22A22CA5A5A7005636EF /* EditTrackerViewController.swift */; };
		477F22A52CA5A5BD005636EF /* EditingViewModel.swift in Sources */ = {isa = PBXBuildFile; fileRef = 477F22A42CA5A5BD005636EF /* EditingViewModel.swift */; };
		477F22A72CA5A5CF005636EF /* TrackerInfoModel.swift in Sources */ = {isa = PBXBuildFile; fileRef = 477F22A62CA5A5CF005636EF /* TrackerInfoModel.swift */; };
		477F22AA2CA5A964005636EF /* FiltersViewController.swift in Sources */ = {isa = PBXBuildFile; fileRef = 477F22A92CA5A964005636EF /* FiltersViewController.swift */; };
		477F22AC2CA5A975005636EF /* FiltersTableViewCell.swift in Sources */ = {isa = PBXBuildFile; fileRef = 477F22AB2CA5A975005636EF /* FiltersTableViewCell.swift */; };
		477F22AE2CA5A984005636EF /* FiltersEnum.swift in Sources */ = {isa = PBXBuildFile; fileRef = 477F22AD2CA5A984005636EF /* FiltersEnum.swift */; };
		477F22B02CA5ACDA005636EF /* TrackerPresenter.swift in Sources */ = {isa = PBXBuildFile; fileRef = 477F22AF2CA5ACDA005636EF /* TrackerPresenter.swift */; };
		478C50452C9A1BED003B5183 /* ViewConfigurableProtocol.swift in Sources */ = {isa = PBXBuildFile; fileRef = 478C50442C9A1BCB003B5183 /* ViewConfigurableProtocol.swift */; };
		479476312C917A9E002DDE33 /* Tracker.xcdatamodeld in Sources */ = {isa = PBXBuildFile; fileRef = 4794762F2C917A9E002DDE33 /* Tracker.xcdatamodeld */; };
		479476342C91A518002DDE33 /* TrackerStoreError.swift in Sources */ = {isa = PBXBuildFile; fileRef = 479476332C91A518002DDE33 /* TrackerStoreError.swift */; };
		479476362C91A566002DDE33 /* CategoryStoreError.swift in Sources */ = {isa = PBXBuildFile; fileRef = 479476352C91A566002DDE33 /* CategoryStoreError.swift */; };
		479476382C91A597002DDE33 /* TrackerRecordStoreError.swift in Sources */ = {isa = PBXBuildFile; fileRef = 479476372C91A597002DDE33 /* TrackerRecordStoreError.swift */; };
		4794763B2C91A849002DDE33 /* Bit.swift in Sources */ = {isa = PBXBuildFile; fileRef = 4794763A2C91A849002DDE33 /* Bit.swift */; };
		4794763D2C91A895002DDE33 /* ScheduleConvertor.swift in Sources */ = {isa = PBXBuildFile; fileRef = 4794763C2C91A895002DDE33 /* ScheduleConvertor.swift */; };
		4794763F2C91A93B002DDE33 /* UIColorMarshalling.swift in Sources */ = {isa = PBXBuildFile; fileRef = 4794763E2C91A93B002DDE33 /* UIColorMarshalling.swift */; };
		479476412C91A9D3002DDE33 /* TrackerCategoryStore.swift in Sources */ = {isa = PBXBuildFile; fileRef = 479476402C91A9D3002DDE33 /* TrackerCategoryStore.swift */; };
		479476432C91AA58002DDE33 /* TrackerRecordStore.swift in Sources */ = {isa = PBXBuildFile; fileRef = 479476422C91AA58002DDE33 /* TrackerRecordStore.swift */; };
		479476452C91AAA3002DDE33 /* TrackerStore.swift in Sources */ = {isa = PBXBuildFile; fileRef = 479476442C91AAA3002DDE33 /* TrackerStore.swift */; };
		479973772CA53DFD0080603A /* Constants.swift in Sources */ = {isa = PBXBuildFile; fileRef = 479973762CA53DFD0080603A /* Constants.swift */; };
		479973792CA53E670080603A /* Sections.swift in Sources */ = {isa = PBXBuildFile; fileRef = 479973782CA53E670080603A /* Sections.swift */; };
		4799737B2CA53E890080603A /* TrackerTypeSections.swift in Sources */ = {isa = PBXBuildFile; fileRef = 4799737A2CA53E890080603A /* TrackerTypeSections.swift */; };
		4799737D2CA53EA70080603A /* CellSize.swift in Sources */ = {isa = PBXBuildFile; fileRef = 4799737C2CA53EA70080603A /* CellSize.swift */; };
		479973872CA56C280080603A /* AnalyticsService.swift in Sources */ = {isa = PBXBuildFile; fileRef = 479973862CA56C280080603A /* AnalyticsService.swift */; };
		479973892CA56C4D0080603A /* AnalyticEvent.swift in Sources */ = {isa = PBXBuildFile; fileRef = 479973882CA56C4D0080603A /* AnalyticEvent.swift */; };
		4799738B2CA56C660080603A /* AnalyticKey.swift in Sources */ = {isa = PBXBuildFile; fileRef = 4799738A2CA56C660080603A /* AnalyticKey.swift */; };
		47D3EAB62CA154D0001FF336 /* Localizable.strings in Resources */ = {isa = PBXBuildFile; fileRef = 47D3EAB42CA154D0001FF336 /* Localizable.strings */; };
		47DE14F12C98A51800FFDEAE /* OnboardingViewController.swift in Sources */ = {isa = PBXBuildFile; fileRef = 47DE14F02C98A51800FFDEAE /* OnboardingViewController.swift */; };
		47DE14F32C98A56400FFDEAE /* SinglePageOnboardingViewController.swift in Sources */ = {isa = PBXBuildFile; fileRef = 47DE14F22C98A56400FFDEAE /* SinglePageOnboardingViewController.swift */; };
		47DE14F62C98B67F00FFDEAE /* CategoryViewController.swift in Sources */ = {isa = PBXBuildFile; fileRef = 47DE14F52C98B67F00FFDEAE /* CategoryViewController.swift */; };
		47DE14F82C98B69700FFDEAE /* CategoryCreationViewController.swift in Sources */ = {isa = PBXBuildFile; fileRef = 47DE14F72C98B69700FFDEAE /* CategoryCreationViewController.swift */; };
		47DE14FA2C98B6AB00FFDEAE /* CategoryCell.swift in Sources */ = {isa = PBXBuildFile; fileRef = 47DE14F92C98B6AB00FFDEAE /* CategoryCell.swift */; };
		47DE14FC2C98B6BD00FFDEAE /* CategoryViewModel.swift in Sources */ = {isa = PBXBuildFile; fileRef = 47DE14FB2C98B6BD00FFDEAE /* CategoryViewModel.swift */; };
		47DE14FE2C98B6D700FFDEAE /* CategoriesViewModel.swift in Sources */ = {isa = PBXBuildFile; fileRef = 47DE14FD2C98B6D700FFDEAE /* CategoriesViewModel.swift */; };
		47EAED6D2C6B7CB50062710E /* Tracker.swift in Sources */ = {isa = PBXBuildFile; fileRef = 47EAED6C2C6B7CB50062710E /* Tracker.swift */; };
		47EAED6F2C6B7CD10062710E /* TrackerCategory.swift in Sources */ = {isa = PBXBuildFile; fileRef = 47EAED6E2C6B7CD10062710E /* TrackerCategory.swift */; };
		47EAED712C6B7CE90062710E /* TrackerRecord.swift in Sources */ = {isa = PBXBuildFile; fileRef = 47EAED702C6B7CE90062710E /* TrackerRecord.swift */; };
		47EAED732C6B831B0062710E /* WeekDays.swift in Sources */ = {isa = PBXBuildFile; fileRef = 47EAED722C6B831B0062710E /* WeekDays.swift */; };
		47EAED752C6F7BDC0062710E /* TrackerCollectionViewCell.swift in Sources */ = {isa = PBXBuildFile; fileRef = 47EAED742C6F7BDC0062710E /* TrackerCollectionViewCell.swift */; };
		47EAED772C6F7C160062710E /* TrackerCounterDelegate.swift in Sources */ = {isa = PBXBuildFile; fileRef = 47EAED762C6F7C160062710E /* TrackerCounterDelegate.swift */; };
		47EAED792C6F7C690062710E /* TrackerInfoCell.swift in Sources */ = {isa = PBXBuildFile; fileRef = 47EAED782C6F7C690062710E /* TrackerInfoCell.swift */; };
		47EAED7F2C6F7E8F0062710E /* HeaderCollectionReusableView.swift in Sources */ = {isa = PBXBuildFile; fileRef = 47EAED7E2C6F7E8F0062710E /* HeaderCollectionReusableView.swift */; };
		47EAED822C6F87DA0062710E /* ScheduleViewController.swift in Sources */ = {isa = PBXBuildFile; fileRef = 47EAED812C6F87DA0062710E /* ScheduleViewController.swift */; };
		47EAED842C6F88470062710E /* ScheduleProtocol.swift in Sources */ = {isa = PBXBuildFile; fileRef = 47EAED832C6F88470062710E /* ScheduleProtocol.swift */; };
		47EAED862C6F886B0062710E /* ScheduleTableCell.swift in Sources */ = {isa = PBXBuildFile; fileRef = 47EAED852C6F886B0062710E /* ScheduleTableCell.swift */; };
		47EAED892C6F89AE0062710E /* NewTrackerViewController.swift in Sources */ = {isa = PBXBuildFile; fileRef = 47EAED882C6F89AE0062710E /* NewTrackerViewController.swift */; };
		47EAED8B2C6F8A0E0062710E /* NewEventCreationViewController.swift in Sources */ = {isa = PBXBuildFile; fileRef = 47EAED8A2C6F8A0E0062710E /* NewEventCreationViewController.swift */; };
		47EAED8D2C6F8A360062710E /* NewHabitCreationViewController.swift in Sources */ = {isa = PBXBuildFile; fileRef = 47EAED8C2C6F8A360062710E /* NewHabitCreationViewController.swift */; };
		47EAED8F2C6F8A870062710E /* CreationTrackerViewController.swift in Sources */ = {isa = PBXBuildFile; fileRef = 47EAED8E2C6F8A870062710E /* CreationTrackerViewController.swift */; };
		47EAED922C6F8AF10062710E /* ConfigureUIForTrackerCreationProtocol.swift in Sources */ = {isa = PBXBuildFile; fileRef = 47EAED912C6F8AF00062710E /* ConfigureUIForTrackerCreationProtocol.swift */; };
		47EAED942C6F8B080062710E /* TrackerCreationDelegate.swift in Sources */ = {isa = PBXBuildFile; fileRef = 47EAED932C6F8B080062710E /* TrackerCreationDelegate.swift */; };
		47EAED972C6F8B570062710E /* ButtonsCell.swift in Sources */ = {isa = PBXBuildFile; fileRef = 47EAED962C6F8B570062710E /* ButtonsCell.swift */; };
		47EAED992C6F8B7B0062710E /* ButtonTableViewCell.swift in Sources */ = {isa = PBXBuildFile; fileRef = 47EAED982C6F8B7B0062710E /* ButtonTableViewCell.swift */; };
		47EAED9B2C6F8BB00062710E /* EmojiCell.swift in Sources */ = {isa = PBXBuildFile; fileRef = 47EAED9A2C6F8BB00062710E /* EmojiCell.swift */; };
		47EAED9D2C6F8BD20062710E /* ColorCell.swift in Sources */ = {isa = PBXBuildFile; fileRef = 47EAED9C2C6F8BD20062710E /* ColorCell.swift */; };
		47EAED9F2C6F8BEC0062710E /* NameTrackerCell.swift in Sources */ = {isa = PBXBuildFile; fileRef = 47EAED9E2C6F8BEC0062710E /* NameTrackerCell.swift */; };
		47EAEDA12C6F8C400062710E /* ExtentionUITextField.swift in Sources */ = {isa = PBXBuildFile; fileRef = 47EAEDA02C6F8C400062710E /* ExtentionUITextField.swift */; };
		47EAEDA32C6F8DB80062710E /* PlaceHolderView.swift in Sources */ = {isa = PBXBuildFile; fileRef = 47EAEDA22C6F8DB80062710E /* PlaceHolderView.swift */; };
		47F89B922C63C185000D642C /* AppDelegate.swift in Sources */ = {isa = PBXBuildFile; fileRef = 47F89B912C63C185000D642C /* AppDelegate.swift */; };
		47F89B942C63C186000D642C /* SceneDelegate.swift in Sources */ = {isa = PBXBuildFile; fileRef = 47F89B932C63C186000D642C /* SceneDelegate.swift */; };
		47F89B9B2C63C188000D642C /* Assets.xcassets in Resources */ = {isa = PBXBuildFile; fileRef = 47F89B9A2C63C188000D642C /* Assets.xcassets */; };
		47F89B9E2C63C188000D642C /* Base in Resources */ = {isa = PBXBuildFile; fileRef = 47F89B9D2C63C188000D642C /* Base */; };
		47F89BA72C63C456000D642C /* TabBarController.swift in Sources */ = {isa = PBXBuildFile; fileRef = 47F89BA62C63C456000D642C /* TabBarController.swift */; };
		47F89BAA2C63C61B000D642C /* TrackerViewController.swift in Sources */ = {isa = PBXBuildFile; fileRef = 47F89BA92C63C61B000D642C /* TrackerViewController.swift */; };
		47F89BAF2C63EC49000D642C /* ExtentionUIColor.swift in Sources */ = {isa = PBXBuildFile; fileRef = 47F89BAE2C63EC49000D642C /* ExtentionUIColor.swift */; };
		47F89BB12C63F363000D642C /* PreviewVCExtention.swift in Sources */ = {isa = PBXBuildFile; fileRef = 47F89BB02C63F363000D642C /* PreviewVCExtention.swift */; };
		E5B7074C72E8A1085251552E /* Pods_Tracker.framework in Frameworks */ = {isa = PBXBuildFile; fileRef = 58AB0F2408278DC8D83D3E81 /* Pods_Tracker.framework */; };
/* End PBXBuildFile section */

/* Begin PBXFileReference section */
		23F53766BA91D4B2030A858B /* Pods-Tracker.debug.xcconfig */ = {isa = PBXFileReference; includeInIndex = 1; lastKnownFileType = text.xcconfig; name = "Pods-Tracker.debug.xcconfig"; path = "Target Support Files/Pods-Tracker/Pods-Tracker.debug.xcconfig"; sourceTree = "<group>"; };
		4709D58D2C776B060066EC0B /* State.swift */ = {isa = PBXFileReference; lastKnownFileType = sourcecode.swift; path = State.swift; sourceTree = "<group>"; };
		4730BEB72CA18A3B003A2320 /* ru */ = {isa = PBXFileReference; lastKnownFileType = text.plist.strings; name = ru; path = ru.lproj/LaunchScreen.strings; sourceTree = "<group>"; };
		4730BEB82CA18A3B003A2320 /* ru */ = {isa = PBXFileReference; lastKnownFileType = text.plist.strings; name = ru; path = ru.lproj/Localizable.strings; sourceTree = "<group>"; };
		4730BEBE2CA18BA1003A2320 /* en */ = {isa = PBXFileReference; lastKnownFileType = text.plist.stringsdict; name = en; path = en.lproj/Localizable.stringsdict; sourceTree = "<group>"; };
		4730BEC02CA1CAD6003A2320 /* ru */ = {isa = PBXFileReference; lastKnownFileType = text.plist.stringsdict; name = ru; path = ru.lproj/Localizable.stringsdict; sourceTree = "<group>"; };
		477F229B2CA57BE2005636EF /* PlaceHolderState.swift */ = {isa = PBXFileReference; lastKnownFileType = sourcecode.swift; path = PlaceHolderState.swift; sourceTree = "<group>"; };
		477F229D2CA585E0005636EF /* StaticticsTableCell.swift */ = {isa = PBXFileReference; lastKnownFileType = sourcecode.swift; path = StaticticsTableCell.swift; sourceTree = "<group>"; };
		477F229F2CA58AB4005636EF /* StatisticViewController.swift */ = {isa = PBXFileReference; lastKnownFileType = sourcecode.swift; path = StatisticViewController.swift; sourceTree = "<group>"; };
		477F22A22CA5A5A7005636EF /* EditTrackerViewController.swift */ = {isa = PBXFileReference; lastKnownFileType = sourcecode.swift; path = EditTrackerViewController.swift; sourceTree = "<group>"; };
		477F22A42CA5A5BD005636EF /* EditingViewModel.swift */ = {isa = PBXFileReference; lastKnownFileType = sourcecode.swift; path = EditingViewModel.swift; sourceTree = "<group>"; };
		477F22A62CA5A5CF005636EF /* TrackerInfoModel.swift */ = {isa = PBXFileReference; lastKnownFileType = sourcecode.swift; path = TrackerInfoModel.swift; sourceTree = "<group>"; };
		477F22A92CA5A964005636EF /* FiltersViewController.swift */ = {isa = PBXFileReference; lastKnownFileType = sourcecode.swift; path = FiltersViewController.swift; sourceTree = "<group>"; };
		477F22AB2CA5A975005636EF /* FiltersTableViewCell.swift */ = {isa = PBXFileReference; lastKnownFileType = sourcecode.swift; path = FiltersTableViewCell.swift; sourceTree = "<group>"; };
		477F22AD2CA5A984005636EF /* FiltersEnum.swift */ = {isa = PBXFileReference; lastKnownFileType = sourcecode.swift; path = FiltersEnum.swift; sourceTree = "<group>"; };
		477F22AF2CA5ACDA005636EF /* TrackerPresenter.swift */ = {isa = PBXFileReference; lastKnownFileType = sourcecode.swift; path = TrackerPresenter.swift; sourceTree = "<group>"; };
		478C50442C9A1BCB003B5183 /* ViewConfigurableProtocol.swift */ = {isa = PBXFileReference; lastKnownFileType = sourcecode.swift; path = ViewConfigurableProtocol.swift; sourceTree = "<group>"; };
		479476302C917A9E002DDE33 /* Tracker.xcdatamodel */ = {isa = PBXFileReference; lastKnownFileType = wrapper.xcdatamodel; path = Tracker.xcdatamodel; sourceTree = "<group>"; };
		479476332C91A518002DDE33 /* TrackerStoreError.swift */ = {isa = PBXFileReference; lastKnownFileType = sourcecode.swift; path = TrackerStoreError.swift; sourceTree = "<group>"; };
		479476352C91A566002DDE33 /* CategoryStoreError.swift */ = {isa = PBXFileReference; lastKnownFileType = sourcecode.swift; path = CategoryStoreError.swift; sourceTree = "<group>"; };
		479476372C91A597002DDE33 /* TrackerRecordStoreError.swift */ = {isa = PBXFileReference; lastKnownFileType = sourcecode.swift; path = TrackerRecordStoreError.swift; sourceTree = "<group>"; };
		4794763A2C91A849002DDE33 /* Bit.swift */ = {isa = PBXFileReference; lastKnownFileType = sourcecode.swift; path = Bit.swift; sourceTree = "<group>"; };
		4794763C2C91A895002DDE33 /* ScheduleConvertor.swift */ = {isa = PBXFileReference; lastKnownFileType = sourcecode.swift; path = ScheduleConvertor.swift; sourceTree = "<group>"; };
		4794763E2C91A93B002DDE33 /* UIColorMarshalling.swift */ = {isa = PBXFileReference; lastKnownFileType = sourcecode.swift; path = UIColorMarshalling.swift; sourceTree = "<group>"; };
		479476402C91A9D3002DDE33 /* TrackerCategoryStore.swift */ = {isa = PBXFileReference; lastKnownFileType = sourcecode.swift; path = TrackerCategoryStore.swift; sourceTree = "<group>"; };
		479476422C91AA58002DDE33 /* TrackerRecordStore.swift */ = {isa = PBXFileReference; lastKnownFileType = sourcecode.swift; path = TrackerRecordStore.swift; sourceTree = "<group>"; };
		479476442C91AAA3002DDE33 /* TrackerStore.swift */ = {isa = PBXFileReference; lastKnownFileType = sourcecode.swift; path = TrackerStore.swift; sourceTree = "<group>"; };
		479973762CA53DFD0080603A /* Constants.swift */ = {isa = PBXFileReference; lastKnownFileType = sourcecode.swift; path = Constants.swift; sourceTree = "<group>"; };
		479973782CA53E670080603A /* Sections.swift */ = {isa = PBXFileReference; lastKnownFileType = sourcecode.swift; path = Sections.swift; sourceTree = "<group>"; };
		4799737A2CA53E890080603A /* TrackerTypeSections.swift */ = {isa = PBXFileReference; lastKnownFileType = sourcecode.swift; path = TrackerTypeSections.swift; sourceTree = "<group>"; };
		4799737C2CA53EA70080603A /* CellSize.swift */ = {isa = PBXFileReference; lastKnownFileType = sourcecode.swift; path = CellSize.swift; sourceTree = "<group>"; };
		479973862CA56C280080603A /* AnalyticsService.swift */ = {isa = PBXFileReference; lastKnownFileType = sourcecode.swift; path = AnalyticsService.swift; sourceTree = "<group>"; };
		479973882CA56C4D0080603A /* AnalyticEvent.swift */ = {isa = PBXFileReference; lastKnownFileType = sourcecode.swift; path = AnalyticEvent.swift; sourceTree = "<group>"; };
		4799738A2CA56C660080603A /* AnalyticKey.swift */ = {isa = PBXFileReference; lastKnownFileType = sourcecode.swift; path = AnalyticKey.swift; sourceTree = "<group>"; };
		47D3EAB52CA154D0001FF336 /* en */ = {isa = PBXFileReference; lastKnownFileType = text.plist.strings; name = en; path = en.lproj/Localizable.strings; sourceTree = "<group>"; };
		47DE14F02C98A51800FFDEAE /* OnboardingViewController.swift */ = {isa = PBXFileReference; lastKnownFileType = sourcecode.swift; path = OnboardingViewController.swift; sourceTree = "<group>"; };
		47DE14F22C98A56400FFDEAE /* SinglePageOnboardingViewController.swift */ = {isa = PBXFileReference; lastKnownFileType = sourcecode.swift; path = SinglePageOnboardingViewController.swift; sourceTree = "<group>"; };
		47DE14F52C98B67F00FFDEAE /* CategoryViewController.swift */ = {isa = PBXFileReference; lastKnownFileType = sourcecode.swift; path = CategoryViewController.swift; sourceTree = "<group>"; };
		47DE14F72C98B69700FFDEAE /* CategoryCreationViewController.swift */ = {isa = PBXFileReference; lastKnownFileType = sourcecode.swift; path = CategoryCreationViewController.swift; sourceTree = "<group>"; };
		47DE14F92C98B6AB00FFDEAE /* CategoryCell.swift */ = {isa = PBXFileReference; lastKnownFileType = sourcecode.swift; path = CategoryCell.swift; sourceTree = "<group>"; };
		47DE14FB2C98B6BD00FFDEAE /* CategoryViewModel.swift */ = {isa = PBXFileReference; lastKnownFileType = sourcecode.swift; path = CategoryViewModel.swift; sourceTree = "<group>"; };
		47DE14FD2C98B6D700FFDEAE /* CategoriesViewModel.swift */ = {isa = PBXFileReference; lastKnownFileType = sourcecode.swift; path = CategoriesViewModel.swift; sourceTree = "<group>"; };
		47EAED6C2C6B7CB50062710E /* Tracker.swift */ = {isa = PBXFileReference; lastKnownFileType = sourcecode.swift; path = Tracker.swift; sourceTree = "<group>"; };
		47EAED6E2C6B7CD10062710E /* TrackerCategory.swift */ = {isa = PBXFileReference; lastKnownFileType = sourcecode.swift; path = TrackerCategory.swift; sourceTree = "<group>"; };
		47EAED702C6B7CE90062710E /* TrackerRecord.swift */ = {isa = PBXFileReference; lastKnownFileType = sourcecode.swift; path = TrackerRecord.swift; sourceTree = "<group>"; };
		47EAED722C6B831B0062710E /* WeekDays.swift */ = {isa = PBXFileReference; lastKnownFileType = sourcecode.swift; path = WeekDays.swift; sourceTree = "<group>"; };
		47EAED742C6F7BDC0062710E /* TrackerCollectionViewCell.swift */ = {isa = PBXFileReference; lastKnownFileType = sourcecode.swift; path = TrackerCollectionViewCell.swift; sourceTree = "<group>"; };
		47EAED762C6F7C160062710E /* TrackerCounterDelegate.swift */ = {isa = PBXFileReference; lastKnownFileType = sourcecode.swift; path = TrackerCounterDelegate.swift; sourceTree = "<group>"; };
		47EAED782C6F7C690062710E /* TrackerInfoCell.swift */ = {isa = PBXFileReference; lastKnownFileType = sourcecode.swift; path = TrackerInfoCell.swift; sourceTree = "<group>"; };
		47EAED7E2C6F7E8F0062710E /* HeaderCollectionReusableView.swift */ = {isa = PBXFileReference; lastKnownFileType = sourcecode.swift; path = HeaderCollectionReusableView.swift; sourceTree = "<group>"; };
		47EAED812C6F87DA0062710E /* ScheduleViewController.swift */ = {isa = PBXFileReference; lastKnownFileType = sourcecode.swift; path = ScheduleViewController.swift; sourceTree = "<group>"; };
		47EAED832C6F88470062710E /* ScheduleProtocol.swift */ = {isa = PBXFileReference; lastKnownFileType = sourcecode.swift; path = ScheduleProtocol.swift; sourceTree = "<group>"; };
		47EAED852C6F886B0062710E /* ScheduleTableCell.swift */ = {isa = PBXFileReference; lastKnownFileType = sourcecode.swift; path = ScheduleTableCell.swift; sourceTree = "<group>"; };
		47EAED882C6F89AE0062710E /* NewTrackerViewController.swift */ = {isa = PBXFileReference; lastKnownFileType = sourcecode.swift; path = NewTrackerViewController.swift; sourceTree = "<group>"; };
		47EAED8A2C6F8A0E0062710E /* NewEventCreationViewController.swift */ = {isa = PBXFileReference; lastKnownFileType = sourcecode.swift; path = NewEventCreationViewController.swift; sourceTree = "<group>"; };
		47EAED8C2C6F8A360062710E /* NewHabitCreationViewController.swift */ = {isa = PBXFileReference; lastKnownFileType = sourcecode.swift; path = NewHabitCreationViewController.swift; sourceTree = "<group>"; };
		47EAED8E2C6F8A870062710E /* CreationTrackerViewController.swift */ = {isa = PBXFileReference; lastKnownFileType = sourcecode.swift; path = CreationTrackerViewController.swift; sourceTree = "<group>"; };
		47EAED912C6F8AF00062710E /* ConfigureUIForTrackerCreationProtocol.swift */ = {isa = PBXFileReference; lastKnownFileType = sourcecode.swift; path = ConfigureUIForTrackerCreationProtocol.swift; sourceTree = "<group>"; };
		47EAED932C6F8B080062710E /* TrackerCreationDelegate.swift */ = {isa = PBXFileReference; lastKnownFileType = sourcecode.swift; path = TrackerCreationDelegate.swift; sourceTree = "<group>"; };
		47EAED962C6F8B570062710E /* ButtonsCell.swift */ = {isa = PBXFileReference; lastKnownFileType = sourcecode.swift; path = ButtonsCell.swift; sourceTree = "<group>"; };
		47EAED982C6F8B7B0062710E /* ButtonTableViewCell.swift */ = {isa = PBXFileReference; lastKnownFileType = sourcecode.swift; path = ButtonTableViewCell.swift; sourceTree = "<group>"; };
		47EAED9A2C6F8BB00062710E /* EmojiCell.swift */ = {isa = PBXFileReference; lastKnownFileType = sourcecode.swift; path = EmojiCell.swift; sourceTree = "<group>"; };
		47EAED9C2C6F8BD20062710E /* ColorCell.swift */ = {isa = PBXFileReference; lastKnownFileType = sourcecode.swift; path = ColorCell.swift; sourceTree = "<group>"; };
		47EAED9E2C6F8BEC0062710E /* NameTrackerCell.swift */ = {isa = PBXFileReference; lastKnownFileType = sourcecode.swift; path = NameTrackerCell.swift; sourceTree = "<group>"; };
		47EAEDA02C6F8C400062710E /* ExtentionUITextField.swift */ = {isa = PBXFileReference; lastKnownFileType = sourcecode.swift; path = ExtentionUITextField.swift; sourceTree = "<group>"; };
		47EAEDA22C6F8DB80062710E /* PlaceHolderView.swift */ = {isa = PBXFileReference; lastKnownFileType = sourcecode.swift; path = PlaceHolderView.swift; sourceTree = "<group>"; };
		47F89B8E2C63C185000D642C /* Tracker.app */ = {isa = PBXFileReference; explicitFileType = wrapper.application; includeInIndex = 0; path = Tracker.app; sourceTree = BUILT_PRODUCTS_DIR; };
		47F89B912C63C185000D642C /* AppDelegate.swift */ = {isa = PBXFileReference; lastKnownFileType = sourcecode.swift; path = AppDelegate.swift; sourceTree = "<group>"; };
		47F89B932C63C186000D642C /* SceneDelegate.swift */ = {isa = PBXFileReference; lastKnownFileType = sourcecode.swift; path = SceneDelegate.swift; sourceTree = "<group>"; };
		47F89B9A2C63C188000D642C /* Assets.xcassets */ = {isa = PBXFileReference; lastKnownFileType = folder.assetcatalog; path = Assets.xcassets; sourceTree = "<group>"; };
		47F89B9D2C63C188000D642C /* Base */ = {isa = PBXFileReference; lastKnownFileType = file.storyboard; name = Base; path = Base.lproj/LaunchScreen.storyboard; sourceTree = "<group>"; };
		47F89B9F2C63C188000D642C /* Info.plist */ = {isa = PBXFileReference; lastKnownFileType = text.plist.xml; path = Info.plist; sourceTree = "<group>"; };
		47F89BA62C63C456000D642C /* TabBarController.swift */ = {isa = PBXFileReference; lastKnownFileType = sourcecode.swift; path = TabBarController.swift; sourceTree = "<group>"; };
		47F89BA92C63C61B000D642C /* TrackerViewController.swift */ = {isa = PBXFileReference; lastKnownFileType = sourcecode.swift; path = TrackerViewController.swift; sourceTree = "<group>"; };
		47F89BAE2C63EC49000D642C /* ExtentionUIColor.swift */ = {isa = PBXFileReference; lastKnownFileType = sourcecode.swift; path = ExtentionUIColor.swift; sourceTree = "<group>"; };
		47F89BB02C63F363000D642C /* PreviewVCExtention.swift */ = {isa = PBXFileReference; lastKnownFileType = sourcecode.swift; path = PreviewVCExtention.swift; sourceTree = "<group>"; };
		4A11B509AA5F02D4505ADE2A /* Pods-Tracker.release.xcconfig */ = {isa = PBXFileReference; includeInIndex = 1; lastKnownFileType = text.xcconfig; name = "Pods-Tracker.release.xcconfig"; path = "Target Support Files/Pods-Tracker/Pods-Tracker.release.xcconfig"; sourceTree = "<group>"; };
		58AB0F2408278DC8D83D3E81 /* Pods_Tracker.framework */ = {isa = PBXFileReference; explicitFileType = wrapper.framework; includeInIndex = 0; path = Pods_Tracker.framework; sourceTree = BUILT_PRODUCTS_DIR; };
/* End PBXFileReference section */

/* Begin PBXFrameworksBuildPhase section */
		47F89B8B2C63C185000D642C /* Frameworks */ = {
			isa = PBXFrameworksBuildPhase;
			buildActionMask = 2147483647;
			files = (
				E5B7074C72E8A1085251552E /* Pods_Tracker.framework in Frameworks */,
			);
			runOnlyForDeploymentPostprocessing = 0;
		};
/* End PBXFrameworksBuildPhase section */

/* Begin PBXGroup section */
		477F229A2CA57BBE005636EF /* PlaceHolder */ = {
			isa = PBXGroup;
			children = (
				47EAEDA22C6F8DB80062710E /* PlaceHolderView.swift */,
				477F229B2CA57BE2005636EF /* PlaceHolderState.swift */,
			);
			path = PlaceHolder;
			sourceTree = "<group>";
		};
		477F22A12CA5A584005636EF /* TrackersEditing */ = {
			isa = PBXGroup;
			children = (
				477F22A22CA5A5A7005636EF /* EditTrackerViewController.swift */,
				477F22A42CA5A5BD005636EF /* EditingViewModel.swift */,
				477F22A62CA5A5CF005636EF /* TrackerInfoModel.swift */,
			);
			path = TrackersEditing;
			sourceTree = "<group>";
		};
		477F22A82CA5A94B005636EF /* FilterViewController */ = {
			isa = PBXGroup;
			children = (
				477F22A92CA5A964005636EF /* FiltersViewController.swift */,
				477F22AB2CA5A975005636EF /* FiltersTableViewCell.swift */,
				477F22AD2CA5A984005636EF /* FiltersEnum.swift */,
			);
			path = FilterViewController;
			sourceTree = "<group>";
		};
		4794762E2C917A80002DDE33 /* CoreData */ = {
			isa = PBXGroup;
			children = (
				479476392C91A81D002DDE33 /* Converters */,
				479476322C91A4DB002DDE33 /* StoreError */,
				4794762F2C917A9E002DDE33 /* Tracker.xcdatamodeld */,
				479476402C91A9D3002DDE33 /* TrackerCategoryStore.swift */,
				479476422C91AA58002DDE33 /* TrackerRecordStore.swift */,
				479476442C91AAA3002DDE33 /* TrackerStore.swift */,
			);
			path = CoreData;
			sourceTree = "<group>";
		};
		479476322C91A4DB002DDE33 /* StoreError */ = {
			isa = PBXGroup;
			children = (
				479476332C91A518002DDE33 /* TrackerStoreError.swift */,
				479476352C91A566002DDE33 /* CategoryStoreError.swift */,
				479476372C91A597002DDE33 /* TrackerRecordStoreError.swift */,
			);
			path = StoreError;
			sourceTree = "<group>";
		};
		479476392C91A81D002DDE33 /* Converters */ = {
			isa = PBXGroup;
			children = (
				4794763A2C91A849002DDE33 /* Bit.swift */,
				4794763C2C91A895002DDE33 /* ScheduleConvertor.swift */,
				4794763E2C91A93B002DDE33 /* UIColorMarshalling.swift */,
			);
			path = Converters;
			sourceTree = "<group>";
		};
		479973752CA53DDC0080603A /* Constants */ = {
			isa = PBXGroup;
			children = (
				479973762CA53DFD0080603A /* Constants.swift */,
				479973782CA53E670080603A /* Sections.swift */,
				4799737A2CA53E890080603A /* TrackerTypeSections.swift */,
				4799737C2CA53EA70080603A /* CellSize.swift */,
			);
			path = Constants;
			sourceTree = "<group>";
		};
		479973852CA56BF90080603A /* AnalyticsService */ = {
			isa = PBXGroup;
			children = (
				479973862CA56C280080603A /* AnalyticsService.swift */,
				479973882CA56C4D0080603A /* AnalyticEvent.swift */,
				4799738A2CA56C660080603A /* AnalyticKey.swift */,
			);
			path = AnalyticsService;
			sourceTree = "<group>";
		};
		47D3EAB02CA1534F001FF336 /* Localization */ = {
			isa = PBXGroup;
			children = (
				47D3EAB42CA154D0001FF336 /* Localizable.strings */,
				4730BEBD2CA18BA1003A2320 /* Localizable.stringsdict */,
			);
			path = Localization;
			sourceTree = "<group>";
		};
		47DE14EF2C98A4D800FFDEAE /* Onboarding */ = {
			isa = PBXGroup;
			children = (
				47DE14F02C98A51800FFDEAE /* OnboardingViewController.swift */,
				47DE14F22C98A56400FFDEAE /* SinglePageOnboardingViewController.swift */,
			);
			path = Onboarding;
			sourceTree = "<group>";
		};
		47DE14F42C98B63600FFDEAE /* Category */ = {
			isa = PBXGroup;
			children = (
				47DE14F52C98B67F00FFDEAE /* CategoryViewController.swift */,
				47DE14F72C98B69700FFDEAE /* CategoryCreationViewController.swift */,
				47DE14F92C98B6AB00FFDEAE /* CategoryCell.swift */,
				47DE14FB2C98B6BD00FFDEAE /* CategoryViewModel.swift */,
				47DE14FD2C98B6D700FFDEAE /* CategoriesViewModel.swift */,
			);
			path = Category;
			sourceTree = "<group>";
		};
		47EAED6B2C6B7C9E0062710E /* Models */ = {
			isa = PBXGroup;
			children = (
				47EAED6C2C6B7CB50062710E /* Tracker.swift */,
				47EAED6E2C6B7CD10062710E /* TrackerCategory.swift */,
				47EAED702C6B7CE90062710E /* TrackerRecord.swift */,
				47EAED722C6B831B0062710E /* WeekDays.swift */,
				47EAED782C6F7C690062710E /* TrackerInfoCell.swift */,
			);
			path = Models;
			sourceTree = "<group>";
		};
		47EAED802C6F87A80062710E /* ScheduleViewController */ = {
			isa = PBXGroup;
			children = (
				47EAED812C6F87DA0062710E /* ScheduleViewController.swift */,
				47EAED832C6F88470062710E /* ScheduleProtocol.swift */,
				47EAED852C6F886B0062710E /* ScheduleTableCell.swift */,
			);
			path = ScheduleViewController;
			sourceTree = "<group>";
		};
		47EAED872C6F89600062710E /* TrackerCreation */ = {
			isa = PBXGroup;
			children = (
				479973752CA53DDC0080603A /* Constants */,
				47EAED952C6F8B350062710E /* Eements */,
				47EAED882C6F89AE0062710E /* NewTrackerViewController.swift */,
				47EAED8A2C6F8A0E0062710E /* NewEventCreationViewController.swift */,
				47EAED8C2C6F8A360062710E /* NewHabitCreationViewController.swift */,
				47EAED8E2C6F8A870062710E /* CreationTrackerViewController.swift */,
				47EAED912C6F8AF00062710E /* ConfigureUIForTrackerCreationProtocol.swift */,
				47EAED932C6F8B080062710E /* TrackerCreationDelegate.swift */,
			);
			path = TrackerCreation;
			sourceTree = "<group>";
		};
		47EAED952C6F8B350062710E /* Eements */ = {
			isa = PBXGroup;
			children = (
				47EAED962C6F8B570062710E /* ButtonsCell.swift */,
				47EAED982C6F8B7B0062710E /* ButtonTableViewCell.swift */,
				47EAED9A2C6F8BB00062710E /* EmojiCell.swift */,
				47EAED9C2C6F8BD20062710E /* ColorCell.swift */,
				47EAED9E2C6F8BEC0062710E /* NameTrackerCell.swift */,
				4709D58D2C776B060066EC0B /* State.swift */,
			);
			path = Eements;
			sourceTree = "<group>";
		};
		47F89B852C63C185000D642C = {
			isa = PBXGroup;
			children = (
				47F89B902C63C185000D642C /* Tracker */,
				47F89B8F2C63C185000D642C /* Products */,
				8532025DD414268B54268C4C /* Pods */,
				C404AD047A67BB3EF6A7DE45 /* Frameworks */,
			);
			sourceTree = "<group>";
		};
		47F89B8F2C63C185000D642C /* Products */ = {
			isa = PBXGroup;
			children = (
				47F89B8E2C63C185000D642C /* Tracker.app */,
			);
			name = Products;
			sourceTree = "<group>";
		};
		47F89B902C63C185000D642C /* Tracker */ = {
			isa = PBXGroup;
			children = (
				477F22A82CA5A94B005636EF /* FilterViewController */,
				477F22A12CA5A584005636EF /* TrackersEditing */,
				479973852CA56BF90080603A /* AnalyticsService */,
				47D3EAB02CA1534F001FF336 /* Localization */,
				47DE14F42C98B63600FFDEAE /* Category */,
				47DE14EF2C98A4D800FFDEAE /* Onboarding */,
				4794762E2C917A80002DDE33 /* CoreData */,
				47EAED6B2C6B7C9E0062710E /* Models */,
				47F89BA52C63C426000D642C /* TabBarController */,
				47F89BAB2C63C627000D642C /* StatisticViewController */,
				47F89BA82C63C5ED000D642C /* TrackerViewController */,
				47EAED802C6F87A80062710E /* ScheduleViewController */,
				47EAED872C6F89600062710E /* TrackerCreation */,
				47F89B912C63C185000D642C /* AppDelegate.swift */,
				47F89B932C63C186000D642C /* SceneDelegate.swift */,
				47F89BAE2C63EC49000D642C /* ExtentionUIColor.swift */,
				47EAEDA02C6F8C400062710E /* ExtentionUITextField.swift */,
				47F89BB02C63F363000D642C /* PreviewVCExtention.swift */,
				477F229A2CA57BBE005636EF /* PlaceHolder */,
				478C50442C9A1BCB003B5183 /* ViewConfigurableProtocol.swift */,
				47F89B9A2C63C188000D642C /* Assets.xcassets */,
				47F89B9C2C63C188000D642C /* LaunchScreen.storyboard */,
				47F89B9F2C63C188000D642C /* Info.plist */,
			);
			path = Tracker;
			sourceTree = "<group>";
		};
		47F89BA52C63C426000D642C /* TabBarController */ = {
			isa = PBXGroup;
			children = (
				47F89BA62C63C456000D642C /* TabBarController.swift */,
			);
			path = TabBarController;
			sourceTree = "<group>";
		};
		47F89BA82C63C5ED000D642C /* TrackerViewController */ = {
			isa = PBXGroup;
			children = (
				47F89BA92C63C61B000D642C /* TrackerViewController.swift */,
				47EAED742C6F7BDC0062710E /* TrackerCollectionViewCell.swift */,
				47EAED762C6F7C160062710E /* TrackerCounterDelegate.swift */,
				47EAED7E2C6F7E8F0062710E /* HeaderCollectionReusableView.swift */,
				477F22AF2CA5ACDA005636EF /* TrackerPresenter.swift */,
			);
			path = TrackerViewController;
			sourceTree = "<group>";
		};
		47F89BAB2C63C627000D642C /* StatisticViewController */ = {
			isa = PBXGroup;
			children = (
				477F229F2CA58AB4005636EF /* StatisticViewController.swift */,
				477F229D2CA585E0005636EF /* StaticticsTableCell.swift */,
			);
			path = StatisticViewController;
			sourceTree = "<group>";
		};
		8532025DD414268B54268C4C /* Pods */ = {
			isa = PBXGroup;
			children = (
				23F53766BA91D4B2030A858B /* Pods-Tracker.debug.xcconfig */,
				4A11B509AA5F02D4505ADE2A /* Pods-Tracker.release.xcconfig */,
			);
			path = Pods;
			sourceTree = "<group>";
		};
		C404AD047A67BB3EF6A7DE45 /* Frameworks */ = {
			isa = PBXGroup;
			children = (
				58AB0F2408278DC8D83D3E81 /* Pods_Tracker.framework */,
			);
			name = Frameworks;
			sourceTree = "<group>";
		};
/* End PBXGroup section */

/* Begin PBXNativeTarget section */
		47F89B8D2C63C185000D642C /* Tracker */ = {
			isa = PBXNativeTarget;
			buildConfigurationList = 47F89BA22C63C188000D642C /* Build configuration list for PBXNativeTarget "Tracker" */;
			buildPhases = (
				427C2582FE354264502673D4 /* [CP] Check Pods Manifest.lock */,
				47F89B8A2C63C185000D642C /* Sources */,
				47F89B8B2C63C185000D642C /* Frameworks */,
				47F89B8C2C63C185000D642C /* Resources */,
			);
			buildRules = (
			);
			dependencies = (
			);
			name = Tracker;
			productName = Tracker;
			productReference = 47F89B8E2C63C185000D642C /* Tracker.app */;
			productType = "com.apple.product-type.application";
		};
/* End PBXNativeTarget section */

/* Begin PBXProject section */
		47F89B862C63C185000D642C /* Project object */ = {
			isa = PBXProject;
			attributes = {
				BuildIndependentTargetsInParallel = 1;
				LastSwiftUpdateCheck = 1540;
				LastUpgradeCheck = 1540;
				TargetAttributes = {
					47F89B8D2C63C185000D642C = {
						CreatedOnToolsVersion = 15.4;
					};
				};
			};
			buildConfigurationList = 47F89B892C63C185000D642C /* Build configuration list for PBXProject "Tracker" */;
			compatibilityVersion = "Xcode 14.0";
			developmentRegion = en;
			hasScannedForEncodings = 0;
			knownRegions = (
				en,
				Base,
				ru,
			);
			mainGroup = 47F89B852C63C185000D642C;
			productRefGroup = 47F89B8F2C63C185000D642C /* Products */;
			projectDirPath = "";
			projectRoot = "";
			targets = (
				47F89B8D2C63C185000D642C /* Tracker */,
			);
		};
/* End PBXProject section */

/* Begin PBXResourcesBuildPhase section */
		47F89B8C2C63C185000D642C /* Resources */ = {
			isa = PBXResourcesBuildPhase;
			buildActionMask = 2147483647;
			files = (
				47F89B9B2C63C188000D642C /* Assets.xcassets in Resources */,
				4730BEBF2CA18BA1003A2320 /* Localizable.stringsdict in Resources */,
				47D3EAB62CA154D0001FF336 /* Localizable.strings in Resources */,
				47F89B9E2C63C188000D642C /* Base in Resources */,
			);
			runOnlyForDeploymentPostprocessing = 0;
		};
/* End PBXResourcesBuildPhase section */

/* Begin PBXShellScriptBuildPhase section */
		427C2582FE354264502673D4 /* [CP] Check Pods Manifest.lock */ = {
			isa = PBXShellScriptBuildPhase;
			buildActionMask = 2147483647;
			files = (
			);
			inputFileListPaths = (
			);
			inputPaths = (
				"${PODS_PODFILE_DIR_PATH}/Podfile.lock",
				"${PODS_ROOT}/Manifest.lock",
			);
			name = "[CP] Check Pods Manifest.lock";
			outputFileListPaths = (
			);
			outputPaths = (
				"$(DERIVED_FILE_DIR)/Pods-Tracker-checkManifestLockResult.txt",
			);
			runOnlyForDeploymentPostprocessing = 0;
			shellPath = /bin/sh;
			shellScript = "diff \"${PODS_PODFILE_DIR_PATH}/Podfile.lock\" \"${PODS_ROOT}/Manifest.lock\" > /dev/null\nif [ $? != 0 ] ; then\n    # print error to STDERR\n    echo \"error: The sandbox is not in sync with the Podfile.lock. Run 'pod install' or update your CocoaPods installation.\" >&2\n    exit 1\nfi\n# This output is used by Xcode 'outputs' to avoid re-running this script phase.\necho \"SUCCESS\" > \"${SCRIPT_OUTPUT_FILE_0}\"\n";
			showEnvVarsInLog = 0;
		};
/* End PBXShellScriptBuildPhase section */

/* Begin PBXSourcesBuildPhase section */
		47F89B8A2C63C185000D642C /* Sources */ = {
			isa = PBXSourcesBuildPhase;
			buildActionMask = 2147483647;
			files = (
				47DE14F32C98A56400FFDEAE /* SinglePageOnboardingViewController.swift in Sources */,
				479973792CA53E670080603A /* Sections.swift in Sources */,
				47EAED842C6F88470062710E /* ScheduleProtocol.swift in Sources */,
				477F22A52CA5A5BD005636EF /* EditingViewModel.swift in Sources */,
				47EAED892C6F89AE0062710E /* NewTrackerViewController.swift in Sources */,
				47EAED7F2C6F7E8F0062710E /* HeaderCollectionReusableView.swift in Sources */,
				47EAED6F2C6B7CD10062710E /* TrackerCategory.swift in Sources */,
				47EAED822C6F87DA0062710E /* ScheduleViewController.swift in Sources */,
				47DE14FE2C98B6D700FFDEAE /* CategoriesViewModel.swift in Sources */,
				479476362C91A566002DDE33 /* CategoryStoreError.swift in Sources */,
				47EAED752C6F7BDC0062710E /* TrackerCollectionViewCell.swift in Sources */,
				4799737B2CA53E890080603A /* TrackerTypeSections.swift in Sources */,
				4794763F2C91A93B002DDE33 /* UIColorMarshalling.swift in Sources */,
				47EAED922C6F8AF10062710E /* ConfigureUIForTrackerCreationProtocol.swift in Sources */,
				4709D58E2C776B070066EC0B /* State.swift in Sources */,
				4799738B2CA56C660080603A /* AnalyticKey.swift in Sources */,
				477F22AA2CA5A964005636EF /* FiltersViewController.swift in Sources */,
				477F22AC2CA5A975005636EF /* FiltersTableViewCell.swift in Sources */,
				47F89B922C63C185000D642C /* AppDelegate.swift in Sources */,
				47EAED732C6B831B0062710E /* WeekDays.swift in Sources */,
				477F22A72CA5A5CF005636EF /* TrackerInfoModel.swift in Sources */,
				47EAED9D2C6F8BD20062710E /* ColorCell.swift in Sources */,
				47EAED9B2C6F8BB00062710E /* EmojiCell.swift in Sources */,
				479476452C91AAA3002DDE33 /* TrackerStore.swift in Sources */,
				47EAED8D2C6F8A360062710E /* NewHabitCreationViewController.swift in Sources */,
				47EAED792C6F7C690062710E /* TrackerInfoCell.swift in Sources */,
				47F89BAA2C63C61B000D642C /* TrackerViewController.swift in Sources */,
				477F22A32CA5A5A7005636EF /* EditTrackerViewController.swift in Sources */,
				4799737D2CA53EA70080603A /* CellSize.swift in Sources */,
				477F22B02CA5ACDA005636EF /* TrackerPresenter.swift in Sources */,
				477F22AE2CA5A984005636EF /* FiltersEnum.swift in Sources */,
				477F229E2CA585E0005636EF /* StaticticsTableCell.swift in Sources */,
				47F89BA72C63C456000D642C /* TabBarController.swift in Sources */,
				47EAED8F2C6F8A870062710E /* CreationTrackerViewController.swift in Sources */,
				47DE14FA2C98B6AB00FFDEAE /* CategoryCell.swift in Sources */,
				479476342C91A518002DDE33 /* TrackerStoreError.swift in Sources */,
				47EAED8B2C6F8A0E0062710E /* NewEventCreationViewController.swift in Sources */,
				477F22A02CA58AB4005636EF /* StatisticViewController.swift in Sources */,
				47EAED992C6F8B7B0062710E /* ButtonTableViewCell.swift in Sources */,
				479973892CA56C4D0080603A /* AnalyticEvent.swift in Sources */,
				47EAED862C6F886B0062710E /* ScheduleTableCell.swift in Sources */,
				47DE14F62C98B67F00FFDEAE /* CategoryViewController.swift in Sources */,
				47DE14FC2C98B6BD00FFDEAE /* CategoryViewModel.swift in Sources */,
				47EAED712C6B7CE90062710E /* TrackerRecord.swift in Sources */,
				47EAED972C6F8B570062710E /* ButtonsCell.swift in Sources */,
				47EAED772C6F7C160062710E /* TrackerCounterDelegate.swift in Sources */,
				47DE14F12C98A51800FFDEAE /* OnboardingViewController.swift in Sources */,
				477F229C2CA57BE2005636EF /* PlaceHolderState.swift in Sources */,
				47EAEDA32C6F8DB80062710E /* PlaceHolderView.swift in Sources */,
				479973772CA53DFD0080603A /* Constants.swift in Sources */,
				478C50452C9A1BED003B5183 /* ViewConfigurableProtocol.swift in Sources */,
				47EAED6D2C6B7CB50062710E /* Tracker.swift in Sources */,
				479476312C917A9E002DDE33 /* Tracker.xcdatamodeld in Sources */,
				4794763D2C91A895002DDE33 /* ScheduleConvertor.swift in Sources */,
				479476432C91AA58002DDE33 /* TrackerRecordStore.swift in Sources */,
				47EAED942C6F8B080062710E /* TrackerCreationDelegate.swift in Sources */,
				479476382C91A597002DDE33 /* TrackerRecordStoreError.swift in Sources */,
				47F89BAF2C63EC49000D642C /* ExtentionUIColor.swift in Sources */,
				47EAEDA12C6F8C400062710E /* ExtentionUITextField.swift in Sources */,
				4794763B2C91A849002DDE33 /* Bit.swift in Sources */,
				479476412C91A9D3002DDE33 /* TrackerCategoryStore.swift in Sources */,
				47F89B942C63C186000D642C /* SceneDelegate.swift in Sources */,
				479973872CA56C280080603A /* AnalyticsService.swift in Sources */,
				47DE14F82C98B69700FFDEAE /* CategoryCreationViewController.swift in Sources */,
				47F89BB12C63F363000D642C /* PreviewVCExtention.swift in Sources */,
				47EAED9F2C6F8BEC0062710E /* NameTrackerCell.swift in Sources */,
			);
			runOnlyForDeploymentPostprocessing = 0;
		};
/* End PBXSourcesBuildPhase section */

/* Begin PBXVariantGroup section */
		4730BEBD2CA18BA1003A2320 /* Localizable.stringsdict */ = {
			isa = PBXVariantGroup;
			children = (
				4730BEBE2CA18BA1003A2320 /* en */,
				4730BEC02CA1CAD6003A2320 /* ru */,
			);
			name = Localizable.stringsdict;
			sourceTree = "<group>";
		};
		47D3EAB42CA154D0001FF336 /* Localizable.strings */ = {
			isa = PBXVariantGroup;
			children = (
				47D3EAB52CA154D0001FF336 /* en */,
				4730BEB82CA18A3B003A2320 /* ru */,
			);
			name = Localizable.strings;
			sourceTree = "<group>";
		};
		47F89B9C2C63C188000D642C /* LaunchScreen.storyboard */ = {
			isa = PBXVariantGroup;
			children = (
				47F89B9D2C63C188000D642C /* Base */,
				4730BEB72CA18A3B003A2320 /* ru */,
			);
			name = LaunchScreen.storyboard;
			sourceTree = "<group>";
		};
/* End PBXVariantGroup section */

/* Begin XCBuildConfiguration section */
		47F89BA02C63C188000D642C /* Debug */ = {
			isa = XCBuildConfiguration;
			buildSettings = {
				ALWAYS_SEARCH_USER_PATHS = NO;
				ASSETCATALOG_COMPILER_GENERATE_SWIFT_ASSET_SYMBOL_EXTENSIONS = YES;
				CLANG_ANALYZER_LOCALIZABILITY_NONLOCALIZED = YES;
				CLANG_ANALYZER_NONNULL = YES;
				CLANG_ANALYZER_NUMBER_OBJECT_CONVERSION = YES_AGGRESSIVE;
				CLANG_CXX_LANGUAGE_STANDARD = "gnu++20";
				CLANG_ENABLE_MODULES = YES;
				CLANG_ENABLE_OBJC_ARC = YES;
				CLANG_ENABLE_OBJC_WEAK = YES;
				CLANG_WARN_BLOCK_CAPTURE_AUTORELEASING = YES;
				CLANG_WARN_BOOL_CONVERSION = YES;
				CLANG_WARN_COMMA = YES;
				CLANG_WARN_CONSTANT_CONVERSION = YES;
				CLANG_WARN_DEPRECATED_OBJC_IMPLEMENTATIONS = YES;
				CLANG_WARN_DIRECT_OBJC_ISA_USAGE = YES_ERROR;
				CLANG_WARN_DOCUMENTATION_COMMENTS = YES;
				CLANG_WARN_EMPTY_BODY = YES;
				CLANG_WARN_ENUM_CONVERSION = YES;
				CLANG_WARN_INFINITE_RECURSION = YES;
				CLANG_WARN_INT_CONVERSION = YES;
				CLANG_WARN_NON_LITERAL_NULL_CONVERSION = YES;
				CLANG_WARN_OBJC_IMPLICIT_RETAIN_SELF = YES;
				CLANG_WARN_OBJC_LITERAL_CONVERSION = YES;
				CLANG_WARN_OBJC_ROOT_CLASS = YES_ERROR;
				CLANG_WARN_QUOTED_INCLUDE_IN_FRAMEWORK_HEADER = YES;
				CLANG_WARN_RANGE_LOOP_ANALYSIS = YES;
				CLANG_WARN_STRICT_PROTOTYPES = YES;
				CLANG_WARN_SUSPICIOUS_MOVE = YES;
				CLANG_WARN_UNGUARDED_AVAILABILITY = YES_AGGRESSIVE;
				CLANG_WARN_UNREACHABLE_CODE = YES;
				CLANG_WARN__DUPLICATE_METHOD_MATCH = YES;
				COPY_PHASE_STRIP = NO;
				DEBUG_INFORMATION_FORMAT = dwarf;
				ENABLE_STRICT_OBJC_MSGSEND = YES;
				ENABLE_TESTABILITY = YES;
				ENABLE_USER_SCRIPT_SANDBOXING = YES;
				GCC_C_LANGUAGE_STANDARD = gnu17;
				GCC_DYNAMIC_NO_PIC = NO;
				GCC_NO_COMMON_BLOCKS = YES;
				GCC_OPTIMIZATION_LEVEL = 0;
				GCC_PREPROCESSOR_DEFINITIONS = (
					"DEBUG=1",
					"$(inherited)",
				);
				GCC_WARN_64_TO_32_BIT_CONVERSION = YES;
				GCC_WARN_ABOUT_RETURN_TYPE = YES_ERROR;
				GCC_WARN_UNDECLARED_SELECTOR = YES;
				GCC_WARN_UNINITIALIZED_AUTOS = YES_AGGRESSIVE;
				GCC_WARN_UNUSED_FUNCTION = YES;
				GCC_WARN_UNUSED_VARIABLE = YES;
				IPHONEOS_DEPLOYMENT_TARGET = 13.4;
				LOCALIZATION_PREFERS_STRING_CATALOGS = YES;
				MTL_ENABLE_DEBUG_INFO = INCLUDE_SOURCE;
				MTL_FAST_MATH = YES;
				ONLY_ACTIVE_ARCH = YES;
				SDKROOT = iphoneos;
				SWIFT_ACTIVE_COMPILATION_CONDITIONS = "DEBUG $(inherited)";
				SWIFT_OPTIMIZATION_LEVEL = "-Onone";
			};
			name = Debug;
		};
		47F89BA12C63C188000D642C /* Release */ = {
			isa = XCBuildConfiguration;
			buildSettings = {
				ALWAYS_SEARCH_USER_PATHS = NO;
				ASSETCATALOG_COMPILER_GENERATE_SWIFT_ASSET_SYMBOL_EXTENSIONS = YES;
				CLANG_ANALYZER_LOCALIZABILITY_NONLOCALIZED = YES;
				CLANG_ANALYZER_NONNULL = YES;
				CLANG_ANALYZER_NUMBER_OBJECT_CONVERSION = YES_AGGRESSIVE;
				CLANG_CXX_LANGUAGE_STANDARD = "gnu++20";
				CLANG_ENABLE_MODULES = YES;
				CLANG_ENABLE_OBJC_ARC = YES;
				CLANG_ENABLE_OBJC_WEAK = YES;
				CLANG_WARN_BLOCK_CAPTURE_AUTORELEASING = YES;
				CLANG_WARN_BOOL_CONVERSION = YES;
				CLANG_WARN_COMMA = YES;
				CLANG_WARN_CONSTANT_CONVERSION = YES;
				CLANG_WARN_DEPRECATED_OBJC_IMPLEMENTATIONS = YES;
				CLANG_WARN_DIRECT_OBJC_ISA_USAGE = YES_ERROR;
				CLANG_WARN_DOCUMENTATION_COMMENTS = YES;
				CLANG_WARN_EMPTY_BODY = YES;
				CLANG_WARN_ENUM_CONVERSION = YES;
				CLANG_WARN_INFINITE_RECURSION = YES;
				CLANG_WARN_INT_CONVERSION = YES;
				CLANG_WARN_NON_LITERAL_NULL_CONVERSION = YES;
				CLANG_WARN_OBJC_IMPLICIT_RETAIN_SELF = YES;
				CLANG_WARN_OBJC_LITERAL_CONVERSION = YES;
				CLANG_WARN_OBJC_ROOT_CLASS = YES_ERROR;
				CLANG_WARN_QUOTED_INCLUDE_IN_FRAMEWORK_HEADER = YES;
				CLANG_WARN_RANGE_LOOP_ANALYSIS = YES;
				CLANG_WARN_STRICT_PROTOTYPES = YES;
				CLANG_WARN_SUSPICIOUS_MOVE = YES;
				CLANG_WARN_UNGUARDED_AVAILABILITY = YES_AGGRESSIVE;
				CLANG_WARN_UNREACHABLE_CODE = YES;
				CLANG_WARN__DUPLICATE_METHOD_MATCH = YES;
				COPY_PHASE_STRIP = NO;
				DEBUG_INFORMATION_FORMAT = "dwarf-with-dsym";
				ENABLE_NS_ASSERTIONS = NO;
				ENABLE_STRICT_OBJC_MSGSEND = YES;
				ENABLE_USER_SCRIPT_SANDBOXING = YES;
				GCC_C_LANGUAGE_STANDARD = gnu17;
				GCC_NO_COMMON_BLOCKS = YES;
				GCC_WARN_64_TO_32_BIT_CONVERSION = YES;
				GCC_WARN_ABOUT_RETURN_TYPE = YES_ERROR;
				GCC_WARN_UNDECLARED_SELECTOR = YES;
				GCC_WARN_UNINITIALIZED_AUTOS = YES_AGGRESSIVE;
				GCC_WARN_UNUSED_FUNCTION = YES;
				GCC_WARN_UNUSED_VARIABLE = YES;
				IPHONEOS_DEPLOYMENT_TARGET = 13.4;
				LOCALIZATION_PREFERS_STRING_CATALOGS = YES;
				MTL_ENABLE_DEBUG_INFO = NO;
				MTL_FAST_MATH = YES;
				SDKROOT = iphoneos;
				SWIFT_COMPILATION_MODE = wholemodule;
				VALIDATE_PRODUCT = YES;
			};
			name = Release;
		};
		47F89BA32C63C188000D642C /* Debug */ = {
			isa = XCBuildConfiguration;
			baseConfigurationReference = 23F53766BA91D4B2030A858B /* Pods-Tracker.debug.xcconfig */;
			buildSettings = {
				ASSETCATALOG_COMPILER_APPICON_NAME = AppIcon;
				ASSETCATALOG_COMPILER_GLOBAL_ACCENT_COLOR_NAME = AccentColor;
				CODE_SIGN_STYLE = Automatic;
				CURRENT_PROJECT_VERSION = 1;
				DEVELOPMENT_TEAM = 23S69NAK72;
				GENERATE_INFOPLIST_FILE = YES;
				INFOPLIST_FILE = Tracker/Info.plist;
				INFOPLIST_KEY_UIApplicationSupportsIndirectInputEvents = YES;
				INFOPLIST_KEY_UILaunchStoryboardName = LaunchScreen;
				INFOPLIST_KEY_UISupportedInterfaceOrientations = UIInterfaceOrientationPortrait;
				INFOPLIST_KEY_UISupportedInterfaceOrientations_iPad = "UIInterfaceOrientationLandscapeLeft UIInterfaceOrientationLandscapeRight UIInterfaceOrientationPortrait UIInterfaceOrientationPortraitUpsideDown";
				IPHONEOS_DEPLOYMENT_TARGET = 13.4;
				LD_RUNPATH_SEARCH_PATHS = (
					"$(inherited)",
					"@executable_path/Frameworks",
				);
				MARKETING_VERSION = 1.0;
				PRODUCT_BUNDLE_IDENTIFIER = "com.gmail-zhuk76787.Tracker";
				PRODUCT_NAME = "$(TARGET_NAME)";
				SUPPORTED_PLATFORMS = "iphoneos iphonesimulator";
				SUPPORTS_MACCATALYST = NO;
				SUPPORTS_MAC_DESIGNED_FOR_IPHONE_IPAD = NO;
				SUPPORTS_XR_DESIGNED_FOR_IPHONE_IPAD = NO;
				SWIFT_EMIT_LOC_STRINGS = YES;
				SWIFT_VERSION = 5.0;
				TARGETED_DEVICE_FAMILY = 1;
			};
			name = Debug;
		};
		47F89BA42C63C188000D642C /* Release */ = {
			isa = XCBuildConfiguration;
			baseConfigurationReference = 4A11B509AA5F02D4505ADE2A /* Pods-Tracker.release.xcconfig */;
			buildSettings = {
				ASSETCATALOG_COMPILER_APPICON_NAME = AppIcon;
				ASSETCATALOG_COMPILER_GLOBAL_ACCENT_COLOR_NAME = AccentColor;
				CODE_SIGN_STYLE = Automatic;
				CURRENT_PROJECT_VERSION = 1;
				DEVELOPMENT_TEAM = 23S69NAK72;
				GENERATE_INFOPLIST_FILE = YES;
				INFOPLIST_FILE = Tracker/Info.plist;
				INFOPLIST_KEY_UIApplicationSupportsIndirectInputEvents = YES;
				INFOPLIST_KEY_UILaunchStoryboardName = LaunchScreen;
				INFOPLIST_KEY_UISupportedInterfaceOrientations = UIInterfaceOrientationPortrait;
				INFOPLIST_KEY_UISupportedInterfaceOrientations_iPad = "UIInterfaceOrientationLandscapeLeft UIInterfaceOrientationLandscapeRight UIInterfaceOrientationPortrait UIInterfaceOrientationPortraitUpsideDown";
				IPHONEOS_DEPLOYMENT_TARGET = 13.4;
				LD_RUNPATH_SEARCH_PATHS = (
					"$(inherited)",
					"@executable_path/Frameworks",
				);
				MARKETING_VERSION = 1.0;
				PRODUCT_BUNDLE_IDENTIFIER = "com.gmail-zhuk76787.Tracker";
				PRODUCT_NAME = "$(TARGET_NAME)";
				SUPPORTED_PLATFORMS = "iphoneos iphonesimulator";
				SUPPORTS_MACCATALYST = NO;
				SUPPORTS_MAC_DESIGNED_FOR_IPHONE_IPAD = NO;
				SUPPORTS_XR_DESIGNED_FOR_IPHONE_IPAD = NO;
				SWIFT_EMIT_LOC_STRINGS = YES;
				SWIFT_VERSION = 5.0;
				TARGETED_DEVICE_FAMILY = 1;
			};
			name = Release;
		};
/* End XCBuildConfiguration section */

/* Begin XCConfigurationList section */
		47F89B892C63C185000D642C /* Build configuration list for PBXProject "Tracker" */ = {
			isa = XCConfigurationList;
			buildConfigurations = (
				47F89BA02C63C188000D642C /* Debug */,
				47F89BA12C63C188000D642C /* Release */,
			);
			defaultConfigurationIsVisible = 0;
			defaultConfigurationName = Release;
		};
		47F89BA22C63C188000D642C /* Build configuration list for PBXNativeTarget "Tracker" */ = {
			isa = XCConfigurationList;
			buildConfigurations = (
				47F89BA32C63C188000D642C /* Debug */,
				47F89BA42C63C188000D642C /* Release */,
			);
			defaultConfigurationIsVisible = 0;
			defaultConfigurationName = Release;
		};
/* End XCConfigurationList section */

/* Begin XCVersionGroup section */
		4794762F2C917A9E002DDE33 /* Tracker.xcdatamodeld */ = {
			isa = XCVersionGroup;
			children = (
				479476302C917A9E002DDE33 /* Tracker.xcdatamodel */,
			);
			currentVersion = 479476302C917A9E002DDE33 /* Tracker.xcdatamodel */;
			name = Tracker.xcdatamodeld;
			path = /Users/dmitrijzukov/Desktop/IOS_Dev/Tracker/Tracker/CoreData/Tracker.xcdatamodeld;
			sourceTree = "<group>";
			versionGroupType = wrapper.xcdatamodel;
		};
/* End XCVersionGroup section */
	};
	rootObject = 47F89B862C63C185000D642C /* Project object */;
}
